{
  "requires": true,
  "lockfileVersion": 1,
  "dependencies": {
    "colors": {
      "version": "1.4.0",
      "resolved": "https://registry.npmjs.org/colors/-/colors-1.4.0.tgz",
      "integrity": "sha512-a+UqTh4kgZg/SlGvfbzDHpgRu7AAQOmmqRHJnxhRZICKFUT91brVhNNt58CMWU9PsBbv3PDCZUHbVxuDiH2mtA=="
    },
    "deepmerge": {
      "version": "4.3.1",
      "resolved": "https://registry.npmjs.org/deepmerge/-/deepmerge-4.3.1.tgz",
      "integrity": "sha512-3sUqbMEc77XqpdNO7FRyRog+eW3ph+GYCbj+rK+uYyRMuwsVy0rMiVtPn+QJlKFvWP/1PYpapqYn0Me2knFn+A=="
    },
    "react-data-table-component": {
      "version": "7.5.3",
      "resolved": "https://registry.npmjs.org/react-data-table-component/-/react-data-table-component-7.5.3.tgz",
      "integrity": "sha512-JhatRTgThAAa1HobPaPmkNPsjLT6+fnMIdtcXRCy+0bSYN7XJnTgob9Qyi4bjHh/8tMPTHtxZCV/TKiPwRvFMA==",
      "requires": {
        "deepmerge": "^4.2.2"
      }
    }
  }
}
